PODS:
  - IMParseSDK/Core (1.0.0)
  - IMParseSDK/Frame (1.0.0):
    - IMParseSDK/Core
  - LookinServer (1.2.8):
    - LookinServer/Core (= 1.2.8)
  - LookinServer/Core (1.2.8)

DEPENDENCIES:
  - IMParseSDK/Frame (from `../IMParseSDK`)
  - LookinServer

SPEC REPOS:
  trunk:
    - LookinServer

EXTERNAL SOURCES:
  IMParseSDK:
    :path: "../IMParseSDK"

SPEC CHECKSUMS:
  IMParseSDK: 6c74292ae1daf5f22809c7b094a214965ed956d3
  LookinServer: 1b2b61c6402ae29fa22182d48f5cd067b4e99e80

PODFILE CHECKSUM: 4360ffeff2680ae8b5a4860f980b947a3322ad62

COCOAPODS: 1.16.2
