PODS:
  - IMParseSDK/Core (1.0.0)
  - IMParseSDK/Full (1.0.0):
    - IMParseSDK/Core
    - IMParseSDK/SwiftUI
    - IMParseSDK/UIKit
  - IMParseSDK/SwiftUI (1.0.0):
    - IMParseSDK/Core
  - IMParseSDK/UIKit (1.0.0):
    - IMParseSDK/Core

DEPENDENCIES:
  - IMParseSDK/Full (from `../IMParseSDK`)

EXTERNAL SOURCES:
  IMParseSDK:
    :path: "../IMParseSDK"

SPEC CHECKSUMS:
  IMParseSDK: 1dc7e123f026ecc8ab7d9714c0cc7e865bd7b76a

PODFILE CHECKSUM: c14d4cc3ff9b01d000a87e49182b9821f8cb3f30

COCOAPODS: 1.16.2
