PODS:
  - IMParseSDK/Core (1.0.0)
  - IMParseSDK/Full (1.0.0):
    - IMParseSDK/Core
    - IMParseSDK/SwiftUI
    - IMParseSDK/UIKit
  - IMParseSDK/SwiftUI (1.0.0):
    - IMParseSDK/Core
  - IMParseSDK/UIKit (1.0.0):
    - IMParseSDK/Core

DEPENDENCIES:
  - IMParseSDK/Full (from `../IMParseSDK`)

EXTERNAL SOURCES:
  IMParseSDK:
    :path: "../IMParseSDK"

SPEC CHECKSUMS:
  IMParseSDK: e94fb6d96f3fbb620e446aff2317fa1b52722822

PODFILE CHECKSUM: c14d4cc3ff9b01d000a87e49182b9821f8cb3f30

COCOAPODS: 1.16.2
